
Microsoft Visual Studio Solution File, Format Version 12.00
# Visual Studio 15
Project("{FAE04EC0-301F-11D3-BF4B-00C04F79EFBC}") = "Core2MvcTemplate", "Core2MvcTemplate\Core2MvcTemplate.csproj", "{701083CC-13C5-438C-956F-EE74971074B2}"
EndProject
Project("{FAE04EC0-301F-11D3-BF4B-00C04F79EFBC}") = "Core2MvcTemplateTests", "Core2MvcTemplateTests\Core2MvcTemplateTests.csproj", "{D2633585-9498-4454-AB1B-3201A149F83E}"
EndProject
Global
	GlobalSection(SolutionConfigurationPlatforms) = preSolution
		Debug|Any CPU = Debug|Any CPU
		Release|Any CPU = Release|Any CPU
	EndGlobalSection
	GlobalSection(ProjectConfigurationPlatforms) = postSolution
		{701083CC-13C5-438C-956F-EE74971074B2}.Debug|Any CPU.ActiveCfg = Debug|Any CPU
		{701083CC-13C5-438C-956F-EE74971074B2}.Debug|Any CPU.Build.0 = Debug|Any CPU
		{701083CC-13C5-438C-956F-EE74971074B2}.Release|Any CPU.ActiveCfg = Release|Any CPU
		{701083CC-13C5-438C-956F-EE74971074B2}.Release|Any CPU.Build.0 = Release|Any CPU
		{D2633585-9498-4454-AB1B-3201A149F83E}.Debug|Any CPU.ActiveCfg = Debug|Any CPU
		{D2633585-9498-4454-AB1B-3201A149F83E}.Debug|Any CPU.Build.0 = Debug|Any CPU
		{D2633585-9498-4454-AB1B-3201A149F83E}.Release|Any CPU.ActiveCfg = Release|Any CPU
		{D2633585-9498-4454-AB1B-3201A149F83E}.Release|Any CPU.Build.0 = Release|Any CPU
	EndGlobalSection
EndGlobal
